
Microsoft Visual Studio Solution File, Format Version 12.00
# Visual Studio Version 16
VisualStudioVersion = 16.0.32802.440
MinimumVisualStudioVersion = 10.0.40219.1
Project("{F184B08F-C81C-45F6-A57F-5ABD9991F28F}") = "LasermetAmodiaSystem", "LasermetAmodiaSystem\LasermetAmodiaSystem.vbproj", "{78C08C94-BC68-4846-B8A5-9C05AB34385B}"
EndProject
Global
	GlobalSection(SolutionConfigurationPlatforms) = preSolution
		Debug|Any CPU = Debug|Any CPU
		Release|Any CPU = Release|Any CPU
	EndGlobalSection
	GlobalSection(ProjectConfigurationPlatforms) = postSolution
		{78C08C94-BC68-4846-B8A5-9C05AB34385B}.Debug|Any CPU.ActiveCfg = Debug|Any CPU
		{78C08C94-BC68-4846-B8A5-9C05AB34385B}.Debug|Any CPU.Build.0 = Debug|Any CPU
		{78C08C94-BC68-4846-B8A5-9C05AB34385B}.Release|Any CPU.ActiveCfg = Release|Any CPU
		{78C08C94-BC68-4846-B8A5-9C05AB34385B}.Release|Any CPU.Build.0 = Release|Any CPU
	EndGlobalSection
	GlobalSection(SolutionProperties) = preSolution
		HideSolutionNode = FALSE
	EndGlobalSection
	GlobalSection(ExtensibilityGlobals) = postSolution
		SolutionGuid = {0853C204-CC48-4C7A-9569-CEB67C5CCF47}
	EndGlobalSection
EndGlobal
